
Microsoft Visual Studio Solution File, Format Version 12.00
# Visual Studio Version 16
VisualStudioVersion = 16.0.30128.74
MinimumVisualStudioVersion = 10.0.40219.1
Project("{FAE04EC0-301F-11D3-BF4B-00C04F79EFBC}") = "MongoDBControll", "MongoDBControll.csproj", "{ECF2A27A-E1B8-47A3-8927-1030C2F5D659}"
EndProject
Global
	GlobalSection(SolutionConfigurationPlatforms) = preSolution
		Debug|Any CPU = Debug|Any CPU
		Release|Any CPU = Release|Any CPU
	EndGlobalSection
	GlobalSection(ProjectConfigurationPlatforms) = postSolution
		{ECF2A27A-E1B8-47A3-8927-1030C2F5D659}.Debug|Any CPU.ActiveCfg = Debug|Any CPU
		{ECF2A27A-E1B8-47A3-8927-1030C2F5D659}.Debug|Any CPU.Build.0 = Debug|Any CPU
		{ECF2A27A-E1B8-47A3-8927-1030C2F5D659}.Release|Any CPU.ActiveCfg = Release|Any CPU
		{ECF2A27A-E1B8-47A3-8927-1030C2F5D659}.Release|Any CPU.Build.0 = Release|Any CPU
	EndGlobalSection
	GlobalSection(SolutionProperties) = preSolution
		HideSolutionNode = FALSE
	EndGlobalSection
	GlobalSection(ExtensibilityGlobals) = postSolution
		SolutionGuid = {C1878F4E-3328-4250-B8F8-68FD4FBE6D8D}
	EndGlobalSection
EndGlobal
